
Microsoft Visual Studio Solution File, Format Version 12.00
# Visual Studio 14
VisualStudioVersion = 14.0.25123.0
MinimumVisualStudioVersion = 10.0.40219.1
Project("{2150E333-8FDC-42A3-9474-1A3956D46DE8}") = "src", "src", "{E1F71603-3307-48A1-8B0F-2FCEBDD77A85}"
EndProject
Project("{2150E333-8FDC-42A3-9474-1A3956D46DE8}") = "test", "test", "{7A9A9D68-9C3A-4BA0-8A20-D6EA1CEC6917}"
EndProject
Project("{2150E333-8FDC-42A3-9474-1A3956D46DE8}") = "1-Presentation", "1-Presentation", "{A310BFD2-28BC-4027-90F9-27EBC2442A70}"
EndProject
Project("{2150E333-8FDC-42A3-9474-1A3956D46DE8}") = "2-Application", "2-Application", "{9114A600-79A1-489B-AAB0-55946E680322}"
EndProject
Project("{2150E333-8FDC-42A3-9474-1A3956D46DE8}") = "3-Domain", "3-Domain", "{D23FB8B3-FAF8-4CDB-A8FF-758E498CAF69}"
EndProject
Project("{2150E333-8FDC-42A3-9474-1A3956D46DE8}") = "4-Infrastructure", "4-Infrastructure", "{5E6C28C0-6519-47C4-BDF9-2DC72DA7C96F}"
EndProject
Project("{FAE04EC0-301F-11D3-BF4B-00C04F79EFBC}") = "Crawler.Sample.Application", "Crawler.Sample.Application\Crawler.Sample.Application.csproj", "{CBF78C48-469F-44DB-A89D-D2A59C7754DD}"
EndProject
Project("{FAE04EC0-301F-11D3-BF4B-00C04F79EFBC}") = "Crawler.Sample.Application.Interfaces", "Crawler.Sample.Application.Interfaces\Crawler.Sample.Application.Interfaces.csproj", "{4A77405A-D318-4FC8-8AD1-6601B212C117}"
EndProject
Project("{FAE04EC0-301F-11D3-BF4B-00C04F79EFBC}") = "Crawler.Sample.Domain", "Crawler.Sample.Domain\Crawler.Sample.Domain.csproj", "{DF81E437-9690-44D2-A117-CD438606B282}"
EndProject
Project("{FAE04EC0-301F-11D3-BF4B-00C04F79EFBC}") = "Crawler.Sample.Infrastructure.Interfaces", "Crawler.Sample.Infrastructure.Interfaces\Crawler.Sample.Infrastructure.Interfaces.csproj", "{24534B39-869C-4819-A2D2-12C5F4AAB786}"
EndProject
Project("{FAE04EC0-301F-11D3-BF4B-00C04F79EFBC}") = "Crawler.Sample.Repository", "Crawler.Sample.Repository\Crawler.Sample.Repository.csproj", "{30066B07-F504-4F90-9D71-05188F697113}"
EndProject
Project("{FAE04EC0-301F-11D3-BF4B-00C04F79EFBC}") = "Crawler.Sample.Tests", "Crawler.Sample.Tests\Crawler.Sample.Tests.csproj", "{B7C365BC-D556-4D52-8A0F-9D2AFDEBD7FC}"
EndProject
Project("{FAE04EC0-301F-11D3-BF4B-00C04F79EFBC}") = "Crawler.Sample.Infrastructure", "Crawler.Sample.Infrastructure\Crawler.Sample.Infrastructure.csproj", "{3DCFAA1E-F358-478A-BE65-1857F1A3DF9E}"
EndProject
Project("{2150E333-8FDC-42A3-9474-1A3956D46DE8}") = "5-Crawler", "5-Crawler", "{BC400380-C468-402E-8851-93C50263CE28}"
EndProject
Project("{FAE04EC0-301F-11D3-BF4B-00C04F79EFBC}") = "Crawler.Sample.DownLoad", "Crawler.Sample.DownLoad\Crawler.Sample.DownLoad.csproj", "{AE5CE639-E827-4892-A23D-91430E046FE4}"
EndProject
Project("{FAE04EC0-301F-11D3-BF4B-00C04F79EFBC}") = "Crawler.Sample", "Crawler.Sample\Crawler.Sample.csproj", "{67F07677-22A9-4176-B549-28F1448B0448}"
EndProject
Project("{FAE04EC0-301F-11D3-BF4B-00C04F79EFBC}") = "Crawler.Sample.Demo", "Crawler.Sample.Demo\Crawler.Sample.Demo.csproj", "{E958D4BD-AC93-439C-90C1-7093969D9EF2}"
EndProject
Project("{FAE04EC0-301F-11D3-BF4B-00C04F79EFBC}") = "SimpleCrawler.SearchEngine", "Crawler.Sample.SearchEngine\SimpleCrawler.SearchEngine.csproj", "{7F026161-6CEB-47F8-8D31-71B86E203F9A}"
EndProject
Project("{2150E333-8FDC-42A3-9474-1A3956D46DE8}") = "6-WindowsServer", "6-WindowsServer", "{1D90AD8F-8C5D-41F0-A336-143A8EA32AB7}"
EndProject
Project("{FAE04EC0-301F-11D3-BF4B-00C04F79EFBC}") = "SimpleCrawler.WindowsServerUI", "Crawler.Sample.WindowsServerUI\SimpleCrawler.WindowsServerUI.csproj", "{25BCB85B-20E8-406E-B27A-06BA1A49C39E}"
EndProject
Project("{FAE04EC0-301F-11D3-BF4B-00C04F79EFBC}") = "SimpleCrawler.WindowsServices", "Crawler.Sample.WindowsServices\SimpleCrawler.WindowsServices.csproj", "{F26A1D5A-B663-4F2C-9A71-94B3EA282F7B}"
EndProject
Project("{FAE04EC0-301F-11D3-BF4B-00C04F79EFBC}") = "Crawlwer.Sample.Common", "Crawlwer.Sample.Common\Crawlwer.Sample.Common.csproj", "{B95C2C83-89EF-4FE8-A445-786189D5A464}"
EndProject
Project("{FAE04EC0-301F-11D3-BF4B-00C04F79EFBC}") = "Crawler.Sample.BootStrapper", "Crawler.Sample.BootStapper\Crawler.Sample.BootStrapper.csproj", "{4A83F72A-565D-417A-AFF9-70372FA881FC}"
EndProject
Project("{FAE04EC0-301F-11D3-BF4B-00C04F79EFBC}") = "Crawler.Sample.Infrastructure.IoC.Contracts", "Crawler.Sample.Infrastructure.IoC.Contracts\Crawler.Sample.Infrastructure.IoC.Contracts.csproj", "{4D288B99-2889-4E76-B5A4-488B69BD5FE6}"
EndProject
Project("{FAE04EC0-301F-11D3-BF4B-00C04F79EFBC}") = "Crawler.Sample.Repository.Interfaces", "Crawler.Sample.Repository.Interfaces\Crawler.Sample.Repository.Interfaces.csproj", "{2B19A728-43C0-4C64-BFBA-A7209D08E580}"
EndProject
Project("{FAE04EC0-301F-11D3-BF4B-00C04F79EFBC}") = "Crawler.Sample.Web", "Crawler.Sample.Web\Crawler.Sample.Web.csproj", "{26A995F7-F190-4FD5-A9FB-203AB99E6446}"
EndProject
Global
	GlobalSection(SolutionConfigurationPlatforms) = preSolution
		Debug|Any CPU = Debug|Any CPU
		Release|Any CPU = Release|Any CPU
	EndGlobalSection
	GlobalSection(ProjectConfigurationPlatforms) = postSolution
		{CBF78C48-469F-44DB-A89D-D2A59C7754DD}.Debug|Any CPU.ActiveCfg = Debug|Any CPU
		{CBF78C48-469F-44DB-A89D-D2A59C7754DD}.Debug|Any CPU.Build.0 = Debug|Any CPU
		{CBF78C48-469F-44DB-A89D-D2A59C7754DD}.Release|Any CPU.ActiveCfg = Release|Any CPU
		{CBF78C48-469F-44DB-A89D-D2A59C7754DD}.Release|Any CPU.Build.0 = Release|Any CPU
		{4A77405A-D318-4FC8-8AD1-6601B212C117}.Debug|Any CPU.ActiveCfg = Debug|Any CPU
		{4A77405A-D318-4FC8-8AD1-6601B212C117}.Debug|Any CPU.Build.0 = Debug|Any CPU
		{4A77405A-D318-4FC8-8AD1-6601B212C117}.Release|Any CPU.ActiveCfg = Release|Any CPU
		{4A77405A-D318-4FC8-8AD1-6601B212C117}.Release|Any CPU.Build.0 = Release|Any CPU
		{DF81E437-9690-44D2-A117-CD438606B282}.Debug|Any CPU.ActiveCfg = Debug|Any CPU
		{DF81E437-9690-44D2-A117-CD438606B282}.Debug|Any CPU.Build.0 = Debug|Any CPU
		{DF81E437-9690-44D2-A117-CD438606B282}.Release|Any CPU.ActiveCfg = Release|Any CPU
		{DF81E437-9690-44D2-A117-CD438606B282}.Release|Any CPU.Build.0 = Release|Any CPU
		{24534B39-869C-4819-A2D2-12C5F4AAB786}.Debug|Any CPU.ActiveCfg = Debug|Any CPU
		{24534B39-869C-4819-A2D2-12C5F4AAB786}.Debug|Any CPU.Build.0 = Debug|Any CPU
		{24534B39-869C-4819-A2D2-12C5F4AAB786}.Release|Any CPU.ActiveCfg = Release|Any CPU
		{24534B39-869C-4819-A2D2-12C5F4AAB786}.Release|Any CPU.Build.0 = Release|Any CPU
		{30066B07-F504-4F90-9D71-05188F697113}.Debug|Any CPU.ActiveCfg = Debug|Any CPU
		{30066B07-F504-4F90-9D71-05188F697113}.Debug|Any CPU.Build.0 = Debug|Any CPU
		{30066B07-F504-4F90-9D71-05188F697113}.Release|Any CPU.ActiveCfg = Release|Any CPU
		{30066B07-F504-4F90-9D71-05188F697113}.Release|Any CPU.Build.0 = Release|Any CPU
		{B7C365BC-D556-4D52-8A0F-9D2AFDEBD7FC}.Debug|Any CPU.ActiveCfg = Debug|Any CPU
		{B7C365BC-D556-4D52-8A0F-9D2AFDEBD7FC}.Debug|Any CPU.Build.0 = Debug|Any CPU
		{B7C365BC-D556-4D52-8A0F-9D2AFDEBD7FC}.Release|Any CPU.ActiveCfg = Release|Any CPU
		{B7C365BC-D556-4D52-8A0F-9D2AFDEBD7FC}.Release|Any CPU.Build.0 = Release|Any CPU
		{3DCFAA1E-F358-478A-BE65-1857F1A3DF9E}.Debug|Any CPU.ActiveCfg = Debug|Any CPU
		{3DCFAA1E-F358-478A-BE65-1857F1A3DF9E}.Debug|Any CPU.Build.0 = Debug|Any CPU
		{3DCFAA1E-F358-478A-BE65-1857F1A3DF9E}.Release|Any CPU.ActiveCfg = Release|Any CPU
		{3DCFAA1E-F358-478A-BE65-1857F1A3DF9E}.Release|Any CPU.Build.0 = Release|Any CPU
		{AE5CE639-E827-4892-A23D-91430E046FE4}.Debug|Any CPU.ActiveCfg = Debug|Any CPU
		{AE5CE639-E827-4892-A23D-91430E046FE4}.Debug|Any CPU.Build.0 = Debug|Any CPU
		{AE5CE639-E827-4892-A23D-91430E046FE4}.Release|Any CPU.ActiveCfg = Release|Any CPU
		{AE5CE639-E827-4892-A23D-91430E046FE4}.Release|Any CPU.Build.0 = Release|Any CPU
		{67F07677-22A9-4176-B549-28F1448B0448}.Debug|Any CPU.ActiveCfg = Debug|Any CPU
		{67F07677-22A9-4176-B549-28F1448B0448}.Debug|Any CPU.Build.0 = Debug|Any CPU
		{67F07677-22A9-4176-B549-28F1448B0448}.Release|Any CPU.ActiveCfg = Release|Any CPU
		{67F07677-22A9-4176-B549-28F1448B0448}.Release|Any CPU.Build.0 = Release|Any CPU
		{E958D4BD-AC93-439C-90C1-7093969D9EF2}.Debug|Any CPU.ActiveCfg = Debug|Any CPU
		{E958D4BD-AC93-439C-90C1-7093969D9EF2}.Debug|Any CPU.Build.0 = Debug|Any CPU
		{E958D4BD-AC93-439C-90C1-7093969D9EF2}.Release|Any CPU.ActiveCfg = Release|Any CPU
		{E958D4BD-AC93-439C-90C1-7093969D9EF2}.Release|Any CPU.Build.0 = Release|Any CPU
		{7F026161-6CEB-47F8-8D31-71B86E203F9A}.Debug|Any CPU.ActiveCfg = Debug|Any CPU
		{7F026161-6CEB-47F8-8D31-71B86E203F9A}.Debug|Any CPU.Build.0 = Debug|Any CPU
		{7F026161-6CEB-47F8-8D31-71B86E203F9A}.Release|Any CPU.ActiveCfg = Release|Any CPU
		{7F026161-6CEB-47F8-8D31-71B86E203F9A}.Release|Any CPU.Build.0 = Release|Any CPU
		{25BCB85B-20E8-406E-B27A-06BA1A49C39E}.Debug|Any CPU.ActiveCfg = Debug|Any CPU
		{25BCB85B-20E8-406E-B27A-06BA1A49C39E}.Debug|Any CPU.Build.0 = Debug|Any CPU
		{25BCB85B-20E8-406E-B27A-06BA1A49C39E}.Release|Any CPU.ActiveCfg = Release|Any CPU
		{25BCB85B-20E8-406E-B27A-06BA1A49C39E}.Release|Any CPU.Build.0 = Release|Any CPU
		{F26A1D5A-B663-4F2C-9A71-94B3EA282F7B}.Debug|Any CPU.ActiveCfg = Debug|Any CPU
		{F26A1D5A-B663-4F2C-9A71-94B3EA282F7B}.Debug|Any CPU.Build.0 = Debug|Any CPU
		{F26A1D5A-B663-4F2C-9A71-94B3EA282F7B}.Release|Any CPU.ActiveCfg = Release|Any CPU
		{F26A1D5A-B663-4F2C-9A71-94B3EA282F7B}.Release|Any CPU.Build.0 = Release|Any CPU
		{B95C2C83-89EF-4FE8-A445-786189D5A464}.Debug|Any CPU.ActiveCfg = Debug|Any CPU
		{B95C2C83-89EF-4FE8-A445-786189D5A464}.Debug|Any CPU.Build.0 = Debug|Any CPU
		{B95C2C83-89EF-4FE8-A445-786189D5A464}.Release|Any CPU.ActiveCfg = Release|Any CPU
		{B95C2C83-89EF-4FE8-A445-786189D5A464}.Release|Any CPU.Build.0 = Release|Any CPU
		{4A83F72A-565D-417A-AFF9-70372FA881FC}.Debug|Any CPU.ActiveCfg = Debug|Any CPU
		{4A83F72A-565D-417A-AFF9-70372FA881FC}.Debug|Any CPU.Build.0 = Debug|Any CPU
		{4A83F72A-565D-417A-AFF9-70372FA881FC}.Release|Any CPU.ActiveCfg = Release|Any CPU
		{4A83F72A-565D-417A-AFF9-70372FA881FC}.Release|Any CPU.Build.0 = Release|Any CPU
		{4D288B99-2889-4E76-B5A4-488B69BD5FE6}.Debug|Any CPU.ActiveCfg = Debug|Any CPU
		{4D288B99-2889-4E76-B5A4-488B69BD5FE6}.Debug|Any CPU.Build.0 = Debug|Any CPU
		{4D288B99-2889-4E76-B5A4-488B69BD5FE6}.Release|Any CPU.ActiveCfg = Release|Any CPU
		{4D288B99-2889-4E76-B5A4-488B69BD5FE6}.Release|Any CPU.Build.0 = Release|Any CPU
		{2B19A728-43C0-4C64-BFBA-A7209D08E580}.Debug|Any CPU.ActiveCfg = Debug|Any CPU
		{2B19A728-43C0-4C64-BFBA-A7209D08E580}.Debug|Any CPU.Build.0 = Debug|Any CPU
		{2B19A728-43C0-4C64-BFBA-A7209D08E580}.Release|Any CPU.ActiveCfg = Release|Any CPU
		{2B19A728-43C0-4C64-BFBA-A7209D08E580}.Release|Any CPU.Build.0 = Release|Any CPU
		{26A995F7-F190-4FD5-A9FB-203AB99E6446}.Debug|Any CPU.ActiveCfg = Debug|Any CPU
		{26A995F7-F190-4FD5-A9FB-203AB99E6446}.Debug|Any CPU.Build.0 = Debug|Any CPU
		{26A995F7-F190-4FD5-A9FB-203AB99E6446}.Release|Any CPU.ActiveCfg = Release|Any CPU
		{26A995F7-F190-4FD5-A9FB-203AB99E6446}.Release|Any CPU.Build.0 = Release|Any CPU
	EndGlobalSection
	GlobalSection(SolutionProperties) = preSolution
		HideSolutionNode = FALSE
	EndGlobalSection
	GlobalSection(NestedProjects) = preSolution
		{A310BFD2-28BC-4027-90F9-27EBC2442A70} = {E1F71603-3307-48A1-8B0F-2FCEBDD77A85}
		{9114A600-79A1-489B-AAB0-55946E680322} = {E1F71603-3307-48A1-8B0F-2FCEBDD77A85}
		{D23FB8B3-FAF8-4CDB-A8FF-758E498CAF69} = {E1F71603-3307-48A1-8B0F-2FCEBDD77A85}
		{5E6C28C0-6519-47C4-BDF9-2DC72DA7C96F} = {E1F71603-3307-48A1-8B0F-2FCEBDD77A85}
		{CBF78C48-469F-44DB-A89D-D2A59C7754DD} = {9114A600-79A1-489B-AAB0-55946E680322}
		{4A77405A-D318-4FC8-8AD1-6601B212C117} = {9114A600-79A1-489B-AAB0-55946E680322}
		{DF81E437-9690-44D2-A117-CD438606B282} = {D23FB8B3-FAF8-4CDB-A8FF-758E498CAF69}
		{24534B39-869C-4819-A2D2-12C5F4AAB786} = {5E6C28C0-6519-47C4-BDF9-2DC72DA7C96F}
		{30066B07-F504-4F90-9D71-05188F697113} = {5E6C28C0-6519-47C4-BDF9-2DC72DA7C96F}
		{B7C365BC-D556-4D52-8A0F-9D2AFDEBD7FC} = {7A9A9D68-9C3A-4BA0-8A20-D6EA1CEC6917}
		{3DCFAA1E-F358-478A-BE65-1857F1A3DF9E} = {5E6C28C0-6519-47C4-BDF9-2DC72DA7C96F}
		{BC400380-C468-402E-8851-93C50263CE28} = {E1F71603-3307-48A1-8B0F-2FCEBDD77A85}
		{AE5CE639-E827-4892-A23D-91430E046FE4} = {BC400380-C468-402E-8851-93C50263CE28}
		{67F07677-22A9-4176-B549-28F1448B0448} = {BC400380-C468-402E-8851-93C50263CE28}
		{E958D4BD-AC93-439C-90C1-7093969D9EF2} = {BC400380-C468-402E-8851-93C50263CE28}
		{7F026161-6CEB-47F8-8D31-71B86E203F9A} = {9114A600-79A1-489B-AAB0-55946E680322}
		{1D90AD8F-8C5D-41F0-A336-143A8EA32AB7} = {E1F71603-3307-48A1-8B0F-2FCEBDD77A85}
		{25BCB85B-20E8-406E-B27A-06BA1A49C39E} = {1D90AD8F-8C5D-41F0-A336-143A8EA32AB7}
		{F26A1D5A-B663-4F2C-9A71-94B3EA282F7B} = {1D90AD8F-8C5D-41F0-A336-143A8EA32AB7}
		{B95C2C83-89EF-4FE8-A445-786189D5A464} = {5E6C28C0-6519-47C4-BDF9-2DC72DA7C96F}
		{4A83F72A-565D-417A-AFF9-70372FA881FC} = {5E6C28C0-6519-47C4-BDF9-2DC72DA7C96F}
		{4D288B99-2889-4E76-B5A4-488B69BD5FE6} = {5E6C28C0-6519-47C4-BDF9-2DC72DA7C96F}
		{2B19A728-43C0-4C64-BFBA-A7209D08E580} = {D23FB8B3-FAF8-4CDB-A8FF-758E498CAF69}
		{26A995F7-F190-4FD5-A9FB-203AB99E6446} = {A310BFD2-28BC-4027-90F9-27EBC2442A70}
	EndGlobalSection
EndGlobal
