
Microsoft Visual Studio Solution File, Format Version 12.00
# Visual Studio 14
VisualStudioVersion = 14.0.25123.0
MinimumVisualStudioVersion = 10.0.40219.1
Project("{FAE04EC0-301F-11D3-BF4B-00C04F79EFBC}") = "SimpleCrawler.Data", "SimpleCrawler.Data.Entity\SimpleCrawler.Data.csproj", "{3F3701CD-6FB8-4AC2-99B1-A8E9B641749D}"
EndProject
Project("{FAE04EC0-301F-11D3-BF4B-00C04F79EFBC}") = "SimpleCrawler.ArticlesDownLoad", "SimpleCrawler.ArticlesDownLoad\SimpleCrawler.ArticlesDownLoad.csproj", "{A59764C3-7933-41E6-9973-DBC683A28C3E}"
EndProject
Project("{FAE04EC0-301F-11D3-BF4B-00C04F79EFBC}") = "SimpleCrawler.ArticlesWeb", "SimpleCrawler.ArticlesWeb\SimpleCrawler.ArticlesWeb.csproj", "{663D6010-56DC-4DFB-9146-A9F07BAC9927}"
EndProject
Project("{FAE04EC0-301F-11D3-BF4B-00C04F79EFBC}") = "SimpleCrawler.Common", "SimpleCrawler.Common\SimpleCrawler.Common.csproj", "{58C45697-7DD8-473C-BF79-389FF41A0033}"
EndProject
Project("{FAE04EC0-301F-11D3-BF4B-00C04F79EFBC}") = "SimpleCrawler.Business", "SimpleCrawler.Business\SimpleCrawler.Business.csproj", "{33E8DCD6-4ED4-43A1-83E3-5F043EB1828F}"
EndProject
Project("{FAE04EC0-301F-11D3-BF4B-00C04F79EFBC}") = "SimpleCrawler.WindowsServices", "SimpleCrawler.WindowsServices\SimpleCrawler.WindowsServices.csproj", "{F26A1D5A-B663-4F2C-9A71-94B3EA282F7B}"
EndProject
Project("{FAE04EC0-301F-11D3-BF4B-00C04F79EFBC}") = "SimpleCrawler.WindowsServerUI", "SimpleCrawler.WindowsServerUI\SimpleCrawler.WindowsServerUI.csproj", "{25BCB85B-20E8-406E-B27A-06BA1A49C39E}"
EndProject
Project("{FAE04EC0-301F-11D3-BF4B-00C04F79EFBC}") = "SimpleCrawler", "SimpleCrawler\SimpleCrawler.csproj", "{67F07677-22A9-4176-B549-28F1448B0448}"
EndProject
Project("{FAE04EC0-301F-11D3-BF4B-00C04F79EFBC}") = "SimpleCrawler.Demo", "SimpleCrawler.Demo\SimpleCrawler.Demo.csproj", "{E958D4BD-AC93-439C-90C1-7093969D9EF2}"
EndProject
Global
	GlobalSection(SolutionConfigurationPlatforms) = preSolution
		Debug|Any CPU = Debug|Any CPU
		Release|Any CPU = Release|Any CPU
	EndGlobalSection
	GlobalSection(ProjectConfigurationPlatforms) = postSolution
		{3F3701CD-6FB8-4AC2-99B1-A8E9B641749D}.Debug|Any CPU.ActiveCfg = Debug|Any CPU
		{3F3701CD-6FB8-4AC2-99B1-A8E9B641749D}.Debug|Any CPU.Build.0 = Debug|Any CPU
		{3F3701CD-6FB8-4AC2-99B1-A8E9B641749D}.Release|Any CPU.ActiveCfg = Release|Any CPU
		{3F3701CD-6FB8-4AC2-99B1-A8E9B641749D}.Release|Any CPU.Build.0 = Release|Any CPU
		{A59764C3-7933-41E6-9973-DBC683A28C3E}.Debug|Any CPU.ActiveCfg = Debug|Any CPU
		{A59764C3-7933-41E6-9973-DBC683A28C3E}.Debug|Any CPU.Build.0 = Debug|Any CPU
		{A59764C3-7933-41E6-9973-DBC683A28C3E}.Release|Any CPU.ActiveCfg = Release|Any CPU
		{A59764C3-7933-41E6-9973-DBC683A28C3E}.Release|Any CPU.Build.0 = Release|Any CPU
		{663D6010-56DC-4DFB-9146-A9F07BAC9927}.Debug|Any CPU.ActiveCfg = Debug|Any CPU
		{663D6010-56DC-4DFB-9146-A9F07BAC9927}.Debug|Any CPU.Build.0 = Debug|Any CPU
		{663D6010-56DC-4DFB-9146-A9F07BAC9927}.Release|Any CPU.ActiveCfg = Release|Any CPU
		{663D6010-56DC-4DFB-9146-A9F07BAC9927}.Release|Any CPU.Build.0 = Release|Any CPU
		{58C45697-7DD8-473C-BF79-389FF41A0033}.Debug|Any CPU.ActiveCfg = Debug|Any CPU
		{58C45697-7DD8-473C-BF79-389FF41A0033}.Debug|Any CPU.Build.0 = Debug|Any CPU
		{58C45697-7DD8-473C-BF79-389FF41A0033}.Release|Any CPU.ActiveCfg = Release|Any CPU
		{58C45697-7DD8-473C-BF79-389FF41A0033}.Release|Any CPU.Build.0 = Release|Any CPU
		{33E8DCD6-4ED4-43A1-83E3-5F043EB1828F}.Debug|Any CPU.ActiveCfg = Debug|Any CPU
		{33E8DCD6-4ED4-43A1-83E3-5F043EB1828F}.Debug|Any CPU.Build.0 = Debug|Any CPU
		{33E8DCD6-4ED4-43A1-83E3-5F043EB1828F}.Release|Any CPU.ActiveCfg = Release|Any CPU
		{33E8DCD6-4ED4-43A1-83E3-5F043EB1828F}.Release|Any CPU.Build.0 = Release|Any CPU
		{F26A1D5A-B663-4F2C-9A71-94B3EA282F7B}.Debug|Any CPU.ActiveCfg = Debug|Any CPU
		{F26A1D5A-B663-4F2C-9A71-94B3EA282F7B}.Debug|Any CPU.Build.0 = Debug|Any CPU
		{F26A1D5A-B663-4F2C-9A71-94B3EA282F7B}.Release|Any CPU.ActiveCfg = Release|Any CPU
		{F26A1D5A-B663-4F2C-9A71-94B3EA282F7B}.Release|Any CPU.Build.0 = Release|Any CPU
		{25BCB85B-20E8-406E-B27A-06BA1A49C39E}.Debug|Any CPU.ActiveCfg = Debug|Any CPU
		{25BCB85B-20E8-406E-B27A-06BA1A49C39E}.Debug|Any CPU.Build.0 = Debug|Any CPU
		{25BCB85B-20E8-406E-B27A-06BA1A49C39E}.Release|Any CPU.ActiveCfg = Release|Any CPU
		{25BCB85B-20E8-406E-B27A-06BA1A49C39E}.Release|Any CPU.Build.0 = Release|Any CPU
		{67F07677-22A9-4176-B549-28F1448B0448}.Debug|Any CPU.ActiveCfg = Debug|Any CPU
		{67F07677-22A9-4176-B549-28F1448B0448}.Debug|Any CPU.Build.0 = Debug|Any CPU
		{67F07677-22A9-4176-B549-28F1448B0448}.Release|Any CPU.ActiveCfg = Release|Any CPU
		{67F07677-22A9-4176-B549-28F1448B0448}.Release|Any CPU.Build.0 = Release|Any CPU
		{E958D4BD-AC93-439C-90C1-7093969D9EF2}.Debug|Any CPU.ActiveCfg = Debug|Any CPU
		{E958D4BD-AC93-439C-90C1-7093969D9EF2}.Debug|Any CPU.Build.0 = Debug|Any CPU
		{E958D4BD-AC93-439C-90C1-7093969D9EF2}.Release|Any CPU.ActiveCfg = Release|Any CPU
		{E958D4BD-AC93-439C-90C1-7093969D9EF2}.Release|Any CPU.Build.0 = Release|Any CPU
	EndGlobalSection
	GlobalSection(SolutionProperties) = preSolution
		HideSolutionNode = FALSE
	EndGlobalSection
EndGlobal
